// !$*UTF8*$!
{
	archiveVersion = 1;
	classes = {
	};
	objectVersion = 46;
	objects = {

/* Begin PBXBuildFile section */
		A91E4C2E1B84F90500E98CDC /* GraphView.swift in Sources */ = {isa = PBXBuildFile; fileRef = A91E4C2D1B84F90500E98CDC /* GraphView.swift */; };
		A9203D621B9191C1008B82C3 /* InputViewController.swift in Sources */ = {isa = PBXBuildFile; fileRef = A9203D611B9191C1008B82C3 /* InputViewController.swift */; };
		A95E7F9C1B8433BF00410E7B /* AccountTableViewController.swift in Sources */ = {isa = PBXBuildFile; fileRef = A95E7F9B1B8433BF00410E7B /* AccountTableViewController.swift */; };
		A95E7F9E1B84387300410E7B /* SummaryViewController.swift in Sources */ = {isa = PBXBuildFile; fileRef = A95E7F9D1B84387300410E7B /* SummaryViewController.swift */; };
		A97EFE471B7D382800D7DA74 /* Exercise.swift in Sources */ = {isa = PBXBuildFile; fileRef = A97EFE461B7D382800D7DA74 /* Exercise.swift */; };
		A990969D1BA0B3450010052E /* Images.xcassets in Resources */ = {isa = PBXBuildFile; fileRef = A990969C1BA0B3450010052E /* Images.xcassets */; };
		A9C877A11B65CF0D00D161F2 /* AppDelegate.swift in Sources */ = {isa = PBXBuildFile; fileRef = A9C877A01B65CF0D00D161F2 /* AppDelegate.swift */; };
		A9C877A31B65CF0D00D161F2 /* TodayViewController.swift in Sources */ = {isa = PBXBuildFile; fileRef = A9C877A21B65CF0D00D161F2 /* TodayViewController.swift */; };
		A9C877A61B65CF0D00D161F2 /* Main.storyboard in Resources */ = {isa = PBXBuildFile; fileRef = A9C877A41B65CF0D00D161F2 /* Main.storyboard */; };
		A9C877AB1B65CF0D00D161F2 /* LaunchScreen.xib in Resources */ = {isa = PBXBuildFile; fileRef = A9C877A91B65CF0D00D161F2 /* LaunchScreen.xib */; };
		A9C877B71B65CF0D00D161F2 /* owlympicsTests.swift in Sources */ = {isa = PBXBuildFile; fileRef = A9C877B61B65CF0D00D161F2 /* owlympicsTests.swift */; };
		A9C877C11B65D29C00D161F2 /* libz.dylib in Frameworks */ = {isa = PBXBuildFile; fileRef = A9C877C01B65D29C00D161F2 /* libz.dylib */; };
		A9C877C51B65D32200D161F2 /* Gimbal.framework in Frameworks */ = {isa = PBXBuildFile; fileRef = A9C877C41B65D32200D161F2 /* Gimbal.framework */; };
		A9F956CA1B83F7DF005262A8 /* HttpRequest.swift in Sources */ = {isa = PBXBuildFile; fileRef = A9F956C91B83F7DF005262A8 /* HttpRequest.swift */; };
		A9F956CE1B83FD4B005262A8 /* HistoryTableViewController.swift in Sources */ = {isa = PBXBuildFile; fileRef = A9F956CD1B83FD4B005262A8 /* HistoryTableViewController.swift */; };
/* End PBXBuildFile section */

/* Begin PBXContainerItemProxy section */
		A9C877B11B65CF0D00D161F2 /* PBXContainerItemProxy */ = {
			isa = PBXContainerItemProxy;
			containerPortal = A9C877931B65CF0D00D161F2 /* Project object */;
			proxyType = 1;
			remoteGlobalIDString = A9C8779A1B65CF0D00D161F2;
			remoteInfo = owlympics;
		};
/* End PBXContainerItemProxy section */

/* Begin PBXFileReference section */
		A91E4C2D1B84F90500E98CDC /* GraphView.swift */ = {isa = PBXFileReference; fileEncoding = 4; lastKnownFileType = sourcecode.swift; path = GraphView.swift; sourceTree = "<group>"; };
		A9203D611B9191C1008B82C3 /* InputViewController.swift */ = {isa = PBXFileReference; fileEncoding = 4; lastKnownFileType = sourcecode.swift; path = InputViewController.swift; sourceTree = "<group>"; };
		A95E7F9B1B8433BF00410E7B /* AccountTableViewController.swift */ = {isa = PBXFileReference; fileEncoding = 4; lastKnownFileType = sourcecode.swift; path = AccountTableViewController.swift; sourceTree = "<group>"; };
		A95E7F9D1B84387300410E7B /* SummaryViewController.swift */ = {isa = PBXFileReference; fileEncoding = 4; lastKnownFileType = sourcecode.swift; path = SummaryViewController.swift; sourceTree = "<group>"; };
		A97EFE461B7D382800D7DA74 /* Exercise.swift */ = {isa = PBXFileReference; fileEncoding = 4; lastKnownFileType = sourcecode.swift; path = Exercise.swift; sourceTree = "<group>"; };
		A990969C1BA0B3450010052E /* Images.xcassets */ = {isa = PBXFileReference; lastKnownFileType = folder.assetcatalog; path = Images.xcassets; sourceTree = "<group>"; };
		A9C8779B1B65CF0D00D161F2 /* owlympics.app */ = {isa = PBXFileReference; explicitFileType = wrapper.application; includeInIndex = 0; path = owlympics.app; sourceTree = BUILT_PRODUCTS_DIR; };
		A9C8779F1B65CF0D00D161F2 /* Info.plist */ = {isa = PBXFileReference; lastKnownFileType = text.plist.xml; path = Info.plist; sourceTree = "<group>"; };
		A9C877A01B65CF0D00D161F2 /* AppDelegate.swift */ = {isa = PBXFileReference; lastKnownFileType = sourcecode.swift; path = AppDelegate.swift; sourceTree = "<group>"; };
		A9C877A21B65CF0D00D161F2 /* TodayViewController.swift */ = {isa = PBXFileReference; lastKnownFileType = sourcecode.swift; path = TodayViewController.swift; sourceTree = "<group>"; };
		A9C877A51B65CF0D00D161F2 /* Base */ = {isa = PBXFileReference; lastKnownFileType = file.storyboard; name = Base; path = Base.lproj/Main.storyboard; sourceTree = "<group>"; };
		A9C877AA1B65CF0D00D161F2 /* Base */ = {isa = PBXFileReference; lastKnownFileType = file.xib; name = Base; path = Base.lproj/LaunchScreen.xib; sourceTree = "<group>"; };
		A9C877B01B65CF0D00D161F2 /* owlympicsTests.xctest */ = {isa = PBXFileReference; explicitFileType = wrapper.cfbundle; includeInIndex = 0; path = owlympicsTests.xctest; sourceTree = BUILT_PRODUCTS_DIR; };
		A9C877B51B65CF0D00D161F2 /* Info.plist */ = {isa = PBXFileReference; lastKnownFileType = text.plist.xml; path = Info.plist; sourceTree = "<group>"; };
		A9C877B61B65CF0D00D161F2 /* owlympicsTests.swift */ = {isa = PBXFileReference; lastKnownFileType = sourcecode.swift; path = owlympicsTests.swift; sourceTree = "<group>"; };
		A9C877C01B65D29C00D161F2 /* libz.dylib */ = {isa = PBXFileReference; lastKnownFileType = "compiled.mach-o.dylib"; name = libz.dylib; path = usr/lib/libz.dylib; sourceTree = SDKROOT; };
		A9C877C41B65D32200D161F2 /* Gimbal.framework */ = {isa = PBXFileReference; lastKnownFileType = wrapper.framework; path = Gimbal.framework; sourceTree = "<group>"; };
		A9C877C71B65D48C00D161F2 /* Header.h */ = {isa = PBXFileReference; fileEncoding = 4; lastKnownFileType = sourcecode.c.h; path = Header.h; sourceTree = "<group>"; };
		A9F956C91B83F7DF005262A8 /* HttpRequest.swift */ = {isa = PBXFileReference; fileEncoding = 4; lastKnownFileType = sourcecode.swift; path = HttpRequest.swift; sourceTree = "<group>"; };
		A9F956CD1B83FD4B005262A8 /* HistoryTableViewController.swift */ = {isa = PBXFileReference; fileEncoding = 4; lastKnownFileType = sourcecode.swift; name = HistoryTableViewController.swift; path = ../HistoryTableViewController.swift; sourceTree = "<group>"; };
/* End PBXFileReference section */

/* Begin PBXFrameworksBuildPhase section */
		A9C877981B65CF0D00D161F2 /* Frameworks */ = {
			isa = PBXFrameworksBuildPhase;
			buildActionMask = 2147483647;
			files = (
				A9C877C51B65D32200D161F2 /* Gimbal.framework in Frameworks */,
				A9C877C11B65D29C00D161F2 /* libz.dylib in Frameworks */,
			);
			runOnlyForDeploymentPostprocessing = 0;
		};
		A9C877AD1B65CF0D00D161F2 /* Frameworks */ = {
			isa = PBXFrameworksBuildPhase;
			buildActionMask = 2147483647;
			files = (
			);
			runOnlyForDeploymentPostprocessing = 0;
		};
/* End PBXFrameworksBuildPhase section */

/* Begin PBXGroup section */
		A9C877921B65CF0D00D161F2 = {
			isa = PBXGroup;
			children = (
				A9C877C71B65D48C00D161F2 /* Header.h */,
				A97EFE461B7D382800D7DA74 /* Exercise.swift */,
				A9F956C91B83F7DF005262A8 /* HttpRequest.swift */,
				A9C877C41B65D32200D161F2 /* Gimbal.framework */,
				A9C877C01B65D29C00D161F2 /* libz.dylib */,
				A9C8779D1B65CF0D00D161F2 /* owlympics */,
				A9C877B31B65CF0D00D161F2 /* owlympicsTests */,
				A9C8779C1B65CF0D00D161F2 /* Products */,
			);
			sourceTree = "<group>";
		};
		A9C8779C1B65CF0D00D161F2 /* Products */ = {
			isa = PBXGroup;
			children = (
				A9C8779B1B65CF0D00D161F2 /* owlympics.app */,
				A9C877B01B65CF0D00D161F2 /* owlympicsTests.xctest */,
			);
			name = Products;
			sourceTree = "<group>";
		};
		A9C8779D1B65CF0D00D161F2 /* owlympics */ = {
			isa = PBXGroup;
			children = (
				A9C877A01B65CF0D00D161F2 /* AppDelegate.swift */,
				A9C877A21B65CF0D00D161F2 /* TodayViewController.swift */,
				A91E4C2D1B84F90500E98CDC /* GraphView.swift */,
				A9F956CD1B83FD4B005262A8 /* HistoryTableViewController.swift */,
				A95E7F9D1B84387300410E7B /* SummaryViewController.swift */,
				A95E7F9B1B8433BF00410E7B /* AccountTableViewController.swift */,
				A9203D611B9191C1008B82C3 /* InputViewController.swift */,
				A9C877A41B65CF0D00D161F2 /* Main.storyboard */,
				A990969C1BA0B3450010052E /* Images.xcassets */,
				A9C877A91B65CF0D00D161F2 /* LaunchScreen.xib */,
				A9C8779E1B65CF0D00D161F2 /* Supporting Files */,
			);
			path = owlympics;
			sourceTree = "<group>";
		};
		A9C8779E1B65CF0D00D161F2 /* Supporting Files */ = {
			isa = PBXGroup;
			children = (
				A9C8779F1B65CF0D00D161F2 /* Info.plist */,
			);
			name = "Supporting Files";
			sourceTree = "<group>";
		};
		A9C877B31B65CF0D00D161F2 /* owlympicsTests */ = {
			isa = PBXGroup;
			children = (
				A9C877B61B65CF0D00D161F2 /* owlympicsTests.swift */,
				A9C877B41B65CF0D00D161F2 /* Supporting Files */,
			);
			path = owlympicsTests;
			sourceTree = "<group>";
		};
		A9C877B41B65CF0D00D161F2 /* Supporting Files */ = {
			isa = PBXGroup;
			children = (
				A9C877B51B65CF0D00D161F2 /* Info.plist */,
			);
			name = "Supporting Files";
			sourceTree = "<group>";
		};
/* End PBXGroup section */

/* Begin PBXNativeTarget section */
		A9C8779A1B65CF0D00D161F2 /* owlympics */ = {
			isa = PBXNativeTarget;
			buildConfigurationList = A9C877BA1B65CF0D00D161F2 /* Build configuration list for PBXNativeTarget "owlympics" */;
			buildPhases = (
				A9C877971B65CF0D00D161F2 /* Sources */,
				A9C877981B65CF0D00D161F2 /* Frameworks */,
				A9C877991B65CF0D00D161F2 /* Resources */,
			);
			buildRules = (
			);
			dependencies = (
			);
			name = owlympics;
			productName = owlympics;
			productReference = A9C8779B1B65CF0D00D161F2 /* owlympics.app */;
			productType = "com.apple.product-type.application";
		};
		A9C877AF1B65CF0D00D161F2 /* owlympicsTests */ = {
			isa = PBXNativeTarget;
			buildConfigurationList = A9C877BD1B65CF0D00D161F2 /* Build configuration list for PBXNativeTarget "owlympicsTests" */;
			buildPhases = (
				A9C877AC1B65CF0D00D161F2 /* Sources */,
				A9C877AD1B65CF0D00D161F2 /* Frameworks */,
				A9C877AE1B65CF0D00D161F2 /* Resources */,
			);
			buildRules = (
			);
			dependencies = (
				A9C877B21B65CF0D00D161F2 /* PBXTargetDependency */,
			);
			name = owlympicsTests;
			productName = owlympicsTests;
			productReference = A9C877B01B65CF0D00D161F2 /* owlympicsTests.xctest */;
			productType = "com.apple.product-type.bundle.unit-test";
		};
/* End PBXNativeTarget section */

/* Begin PBXProject section */
		A9C877931B65CF0D00D161F2 /* Project object */ = {
			isa = PBXProject;
			attributes = {
				LastUpgradeCheck = 0640;
				ORGANIZATIONNAME = "Martin Zhou";
				TargetAttributes = {
					A9C8779A1B65CF0D00D161F2 = {
						CreatedOnToolsVersion = 6.4;
						DevelopmentTeam = S7R9FY6Z5A;
						SystemCapabilities = {
							com.apple.BackgroundModes = {
								enabled = 1;
							};
						};
					};
					A9C877AF1B65CF0D00D161F2 = {
						CreatedOnToolsVersion = 6.4;
						TestTargetID = A9C8779A1B65CF0D00D161F2;
					};
				};
			};
			buildConfigurationList = A9C877961B65CF0D00D161F2 /* Build configuration list for PBXProject "owlympics" */;
			compatibilityVersion = "Xcode 3.2";
			developmentRegion = English;
			hasScannedForEncodings = 0;
			knownRegions = (
				en,
				Base,
			);
			mainGroup = A9C877921B65CF0D00D161F2;
			productRefGroup = A9C8779C1B65CF0D00D161F2 /* Products */;
			projectDirPath = "";
			projectRoot = "";
			targets = (
				A9C8779A1B65CF0D00D161F2 /* owlympics */,
				A9C877AF1B65CF0D00D161F2 /* owlympicsTests */,
			);
		};
/* End PBXProject section */

/* Begin PBXResourcesBuildPhase section */
		A9C877991B65CF0D00D161F2 /* Resources */ = {
			isa = PBXResourcesBuildPhase;
			buildActionMask = 2147483647;
			files = (
				A990969D1BA0B3450010052E /* Images.xcassets in Resources */,
				A9C877A61B65CF0D00D161F2 /* Main.storyboard in Resources */,
				A9C877AB1B65CF0D00D161F2 /* LaunchScreen.xib in Resources */,
			);
			runOnlyForDeploymentPostprocessing = 0;
		};
		A9C877AE1B65CF0D00D161F2 /* Resources */ = {
			isa = PBXResourcesBuildPhase;
			buildActionMask = 2147483647;
			files = (
			);
			runOnlyForDeploymentPostprocessing = 0;
		};
/* End PBXResourcesBuildPhase section */

/* Begin PBXSourcesBuildPhase section */
		A9C877971B65CF0D00D161F2 /* Sources */ = {
			isa = PBXSourcesBuildPhase;
			buildActionMask = 2147483647;
			files = (
				A9203D621B9191C1008B82C3 /* InputViewController.swift in Sources */,
				A97EFE471B7D382800D7DA74 /* Exercise.swift in Sources */,
				A9F956CA1B83F7DF005262A8 /* HttpRequest.swift in Sources */,
				A95E7F9C1B8433BF00410E7B /* AccountTableViewController.swift in Sources */,
				A9C877A31B65CF0D00D161F2 /* TodayViewController.swift in Sources */,
				A9C877A11B65CF0D00D161F2 /* AppDelegate.swift in Sources */,
				A95E7F9E1B84387300410E7B /* SummaryViewController.swift in Sources */,
				A9F956CE1B83FD4B005262A8 /* HistoryTableViewController.swift in Sources */,
				A91E4C2E1B84F90500E98CDC /* GraphView.swift in Sources */,
			);
			runOnlyForDeploymentPostprocessing = 0;
		};
		A9C877AC1B65CF0D00D161F2 /* Sources */ = {
			isa = PBXSourcesBuildPhase;
			buildActionMask = 2147483647;
			files = (
				A9C877B71B65CF0D00D161F2 /* owlympicsTests.swift in Sources */,
			);
			runOnlyForDeploymentPostprocessing = 0;
		};
/* End PBXSourcesBuildPhase section */

/* Begin PBXTargetDependency section */
		A9C877B21B65CF0D00D161F2 /* PBXTargetDependency */ = {
			isa = PBXTargetDependency;
			target = A9C8779A1B65CF0D00D161F2 /* owlympics */;
			targetProxy = A9C877B11B65CF0D00D161F2 /* PBXContainerItemProxy */;
		};
/* End PBXTargetDependency section */

/* Begin PBXVariantGroup section */
		A9C877A41B65CF0D00D161F2 /* Main.storyboard */ = {
			isa = PBXVariantGroup;
			children = (
				A9C877A51B65CF0D00D161F2 /* Base */,
			);
			name = Main.storyboard;
			sourceTree = "<group>";
		};
		A9C877A91B65CF0D00D161F2 /* LaunchScreen.xib */ = {
			isa = PBXVariantGroup;
			children = (
				A9C877AA1B65CF0D00D161F2 /* Base */,
			);
			name = LaunchScreen.xib;
			sourceTree = "<group>";
		};
/* End PBXVariantGroup section */

/* Begin XCBuildConfiguration section */
		A9C877B81B65CF0D00D161F2 /* Debug */ = {
			isa = XCBuildConfiguration;
			buildSettings = {
				ALWAYS_SEARCH_USER_PATHS = NO;
				CLANG_CXX_LANGUAGE_STANDARD = "gnu++0x";
				CLANG_CXX_LIBRARY = "libc++";
				CLANG_ENABLE_MODULES = YES;
				CLANG_ENABLE_OBJC_ARC = YES;
				CLANG_WARN_BOOL_CONVERSION = YES;
				CLANG_WARN_CONSTANT_CONVERSION = YES;
				CLANG_WARN_DIRECT_OBJC_ISA_USAGE = YES_ERROR;
				CLANG_WARN_EMPTY_BODY = YES;
				CLANG_WARN_ENUM_CONVERSION = YES;
				CLANG_WARN_INT_CONVERSION = YES;
				CLANG_WARN_OBJC_ROOT_CLASS = YES_ERROR;
				CLANG_WARN_UNREACHABLE_CODE = YES;
				CLANG_WARN__DUPLICATE_METHOD_MATCH = YES;
				"CODE_SIGN_IDENTITY[sdk=iphoneos*]" = "iPhone Developer";
				COPY_PHASE_STRIP = NO;
				DEBUG_INFORMATION_FORMAT = "dwarf-with-dsym";
				ENABLE_STRICT_OBJC_MSGSEND = YES;
				GCC_C_LANGUAGE_STANDARD = gnu99;
				GCC_DYNAMIC_NO_PIC = NO;
				GCC_NO_COMMON_BLOCKS = YES;
				GCC_OPTIMIZATION_LEVEL = 0;
				GCC_PREPROCESSOR_DEFINITIONS = (
					"DEBUG=1",
					"$(inherited)",
				);
				GCC_SYMBOLS_PRIVATE_EXTERN = NO;
				GCC_WARN_64_TO_32_BIT_CONVERSION = YES;
				GCC_WARN_ABOUT_RETURN_TYPE = YES_ERROR;
				GCC_WARN_UNDECLARED_SELECTOR = YES;
				GCC_WARN_UNINITIALIZED_AUTOS = YES_AGGRESSIVE;
				GCC_WARN_UNUSED_FUNCTION = YES;
				GCC_WARN_UNUSED_VARIABLE = YES;
				IPHONEOS_DEPLOYMENT_TARGET = 8.4;
				MTL_ENABLE_DEBUG_INFO = YES;
				ONLY_ACTIVE_ARCH = YES;
				SDKROOT = iphoneos;
				SWIFT_OPTIMIZATION_LEVEL = "-Onone";
			};
			name = Debug;
		};
		A9C877B91B65CF0D00D161F2 /* Release */ = {
			isa = XCBuildConfiguration;
			buildSettings = {
				ALWAYS_SEARCH_USER_PATHS = NO;
				CLANG_CXX_LANGUAGE_STANDARD = "gnu++0x";
				CLANG_CXX_LIBRARY = "libc++";
				CLANG_ENABLE_MODULES = YES;
				CLANG_ENABLE_OBJC_ARC = YES;
				CLANG_WARN_BOOL_CONVERSION = YES;
				CLANG_WARN_CONSTANT_CONVERSION = YES;
				CLANG_WARN_DIRECT_OBJC_ISA_USAGE = YES_ERROR;
				CLANG_WARN_EMPTY_BODY = YES;
				CLANG_WARN_ENUM_CONVERSION = YES;
				CLANG_WARN_INT_CONVERSION = YES;
				CLANG_WARN_OBJC_ROOT_CLASS = YES_ERROR;
				CLANG_WARN_UNREACHABLE_CODE = YES;
				CLANG_WARN__DUPLICATE_METHOD_MATCH = YES;
				"CODE_SIGN_IDENTITY[sdk=iphoneos*]" = "iPhone Developer";
				COPY_PHASE_STRIP = NO;
				DEBUG_INFORMATION_FORMAT = "dwarf-with-dsym";
				ENABLE_NS_ASSERTIONS = NO;
				ENABLE_STRICT_OBJC_MSGSEND = YES;
				GCC_C_LANGUAGE_STANDARD = gnu99;
				GCC_NO_COMMON_BLOCKS = YES;
				GCC_WARN_64_TO_32_BIT_CONVERSION = YES;
				GCC_WARN_ABOUT_RETURN_TYPE = YES_ERROR;
				GCC_WARN_UNDECLARED_SELECTOR = YES;
				GCC_WARN_UNINITIALIZED_AUTOS = YES_AGGRESSIVE;
				GCC_WARN_UNUSED_FUNCTION = YES;
				GCC_WARN_UNUSED_VARIABLE = YES;
				IPHONEOS_DEPLOYMENT_TARGET = 8.4;
				MTL_ENABLE_DEBUG_INFO = NO;
				SDKROOT = iphoneos;
				VALIDATE_PRODUCT = YES;
			};
			name = Release;
		};
		A9C877BB1B65CF0D00D161F2 /* Debug */ = {
			isa = XCBuildConfiguration;
			buildSettings = {
				ASSETCATALOG_COMPILER_APPICON_NAME = AppIcon;
				CODE_SIGN_IDENTITY = "iPhone Developer";
				"CODE_SIGN_IDENTITY[sdk=iphoneos*]" = "iPhone Developer";
				DEFINES_MODULE = YES;
				FRAMEWORK_SEARCH_PATHS = (
					"$(inherited)",
					"$(PROJECT_DIR)",
				);
				INFOPLIST_FILE = owlympics/Info.plist;
				IPHONEOS_DEPLOYMENT_TARGET = 8.0;
				LD_RUNPATH_SEARCH_PATHS = "$(inherited) @executable_path/Frameworks";
				PRODUCT_NAME = "$(TARGET_NAME)";
				PROVISIONING_PROFILE = "";
				SWIFT_OBJC_BRIDGING_HEADER = Header.h;
			};
			name = Debug;
		};
		A9C877BC1B65CF0D00D161F2 /* Release */ = {
			isa = XCBuildConfiguration;
			buildSettings = {
				ASSETCATALOG_COMPILER_APPICON_NAME = AppIcon;
				CODE_SIGN_IDENTITY = "iPhone Developer";
				"CODE_SIGN_IDENTITY[sdk=iphoneos*]" = "iPhone Developer";
				DEFINES_MODULE = YES;
				FRAMEWORK_SEARCH_PATHS = (
					"$(inherited)",
					"$(PROJECT_DIR)",
				);
				INFOPLIST_FILE = owlympics/Info.plist;
				IPHONEOS_DEPLOYMENT_TARGET = 8.0;
				LD_RUNPATH_SEARCH_PATHS = "$(inherited) @executable_path/Frameworks";
				PRODUCT_NAME = "$(TARGET_NAME)";
				PROVISIONING_PROFILE = "";
				SWIFT_OBJC_BRIDGING_HEADER = Header.h;
			};
			name = Release;
		};
		A9C877BE1B65CF0D00D161F2 /* Debug */ = {
			isa = XCBuildConfiguration;
			buildSettings = {
				BUNDLE_LOADER = "$(TEST_HOST)";
				FRAMEWORK_SEARCH_PATHS = (
					"$(SDKROOT)/Developer/Library/Frameworks",
					"$(inherited)",
				);
				GCC_PREPROCESSOR_DEFINITIONS = (
					"DEBUG=1",
					"$(inherited)",
				);
				INFOPLIST_FILE = owlympicsTests/Info.plist;
				LD_RUNPATH_SEARCH_PATHS = "$(inherited) @executable_path/Frameworks @loader_path/Frameworks";
				PRODUCT_NAME = "$(TARGET_NAME)";
				TEST_HOST = "$(BUILT_PRODUCTS_DIR)/owlympics.app/owlympics";
			};
			name = Debug;
		};
		A9C877BF1B65CF0D00D161F2 /* Release */ = {
			isa = XCBuildConfiguration;
			buildSettings = {
				BUNDLE_LOADER = "$(TEST_HOST)";
				FRAMEWORK_SEARCH_PATHS = (
					"$(SDKROOT)/Developer/Library/Frameworks",
					"$(inherited)",
				);
				INFOPLIST_FILE = owlympicsTests/Info.plist;
				LD_RUNPATH_SEARCH_PATHS = "$(inherited) @executable_path/Frameworks @loader_path/Frameworks";
				PRODUCT_NAME = "$(TARGET_NAME)";
				TEST_HOST = "$(BUILT_PRODUCTS_DIR)/owlympics.app/owlympics";
			};
			name = Release;
		};
/* End XCBuildConfiguration section */

/* Begin XCConfigurationList section */
		A9C877961B65CF0D00D161F2 /* Build configuration list for PBXProject "owlympics" */ = {
			isa = XCConfigurationList;
			buildConfigurations = (
				A9C877B81B65CF0D00D161F2 /* Debug */,
				A9C877B91B65CF0D00D161F2 /* Release */,
			);
			defaultConfigurationIsVisible = 0;
			defaultConfigurationName = Release;
		};
		A9C877BA1B65CF0D00D161F2 /* Build configuration list for PBXNativeTarget "owlympics" */ = {
			isa = XCConfigurationList;
			buildConfigurations = (
				A9C877BB1B65CF0D00D161F2 /* Debug */,
				A9C877BC1B65CF0D00D161F2 /* Release */,
			);
			defaultConfigurationIsVisible = 0;
			defaultConfigurationName = Release;
		};
		A9C877BD1B65CF0D00D161F2 /* Build configuration list for PBXNativeTarget "owlympicsTests" */ = {
			isa = XCConfigurationList;
			buildConfigurations = (
				A9C877BE1B65CF0D00D161F2 /* Debug */,
				A9C877BF1B65CF0D00D161F2 /* Release */,
			);
			defaultConfigurationIsVisible = 0;
			defaultConfigurationName = Release;
		};
/* End XCConfigurationList section */
	};
	rootObject = A9C877931B65CF0D00D161F2 /* Project object */;
}
